
Microsoft Visual Studio Solution File, Format Version 12.00
# Visual Studio Version 17
VisualStudioVersion = 17.14.36327.8 d17.14
MinimumVisualStudioVersion = 10.0.40219.1
Project("{FAE04EC0-301F-11D3-BF4B-00C04F79EFBC}") = "OnlineShoppingPlatform", "OnlineShoppingPlatform\OnlineShoppingPlatform.csproj", "{D6BBB0DB-03BD-4E93-B20D-CFE21300D801}"
EndProject
Project("{FAE04EC0-301F-11D3-BF4B-00C04F79EFBC}") = "Domain", "Domain\Domain.csproj", "{EA4BF6C6-126E-49F0-B737-F8AAB524F055}"
EndProject
Project("{FAE04EC0-301F-11D3-BF4B-00C04F79EFBC}") = "Core", "Core\Core.csproj", "{89A3A3BD-2E93-4C32-B2BE-C29B636DB656}"
EndProject
Project("{FAE04EC0-301F-11D3-BF4B-00C04F79EFBC}") = "Infrastructure", "Infrastructure\Infrastructure.csproj", "{FE5EE699-DD1D-413E-B0E2-D817678353DC}"
EndProject
Project("{FAE04EC0-301F-11D3-BF4B-00C04F79EFBC}") = "Application", "Application\Application.csproj", "{24345DFE-6BFC-4075-9161-1F8A26344B4F}"
EndProject
Global
	GlobalSection(SolutionConfigurationPlatforms) = preSolution
		Debug|Any CPU = Debug|Any CPU
		Release|Any CPU = Release|Any CPU
	EndGlobalSection
	GlobalSection(ProjectConfigurationPlatforms) = postSolution
		{D6BBB0DB-03BD-4E93-B20D-CFE21300D801}.Debug|Any CPU.ActiveCfg = Debug|Any CPU
		{D6BBB0DB-03BD-4E93-B20D-CFE21300D801}.Debug|Any CPU.Build.0 = Debug|Any CPU
		{D6BBB0DB-03BD-4E93-B20D-CFE21300D801}.Release|Any CPU.ActiveCfg = Release|Any CPU
		{D6BBB0DB-03BD-4E93-B20D-CFE21300D801}.Release|Any CPU.Build.0 = Release|Any CPU
		{EA4BF6C6-126E-49F0-B737-F8AAB524F055}.Debug|Any CPU.ActiveCfg = Debug|Any CPU
		{EA4BF6C6-126E-49F0-B737-F8AAB524F055}.Debug|Any CPU.Build.0 = Debug|Any CPU
		{EA4BF6C6-126E-49F0-B737-F8AAB524F055}.Release|Any CPU.ActiveCfg = Release|Any CPU
		{EA4BF6C6-126E-49F0-B737-F8AAB524F055}.Release|Any CPU.Build.0 = Release|Any CPU
		{89A3A3BD-2E93-4C32-B2BE-C29B636DB656}.Debug|Any CPU.ActiveCfg = Debug|Any CPU
		{89A3A3BD-2E93-4C32-B2BE-C29B636DB656}.Debug|Any CPU.Build.0 = Debug|Any CPU
		{89A3A3BD-2E93-4C32-B2BE-C29B636DB656}.Release|Any CPU.ActiveCfg = Release|Any CPU
		{89A3A3BD-2E93-4C32-B2BE-C29B636DB656}.Release|Any CPU.Build.0 = Release|Any CPU
		{FE5EE699-DD1D-413E-B0E2-D817678353DC}.Debug|Any CPU.ActiveCfg = Debug|Any CPU
		{FE5EE699-DD1D-413E-B0E2-D817678353DC}.Debug|Any CPU.Build.0 = Debug|Any CPU
		{FE5EE699-DD1D-413E-B0E2-D817678353DC}.Release|Any CPU.ActiveCfg = Release|Any CPU
		{FE5EE699-DD1D-413E-B0E2-D817678353DC}.Release|Any CPU.Build.0 = Release|Any CPU
		{24345DFE-6BFC-4075-9161-1F8A26344B4F}.Debug|Any CPU.ActiveCfg = Debug|Any CPU
		{24345DFE-6BFC-4075-9161-1F8A26344B4F}.Debug|Any CPU.Build.0 = Debug|Any CPU
		{24345DFE-6BFC-4075-9161-1F8A26344B4F}.Release|Any CPU.ActiveCfg = Release|Any CPU
		{24345DFE-6BFC-4075-9161-1F8A26344B4F}.Release|Any CPU.Build.0 = Release|Any CPU
	EndGlobalSection
	GlobalSection(SolutionProperties) = preSolution
		HideSolutionNode = FALSE
	EndGlobalSection
	GlobalSection(ExtensibilityGlobals) = postSolution
		SolutionGuid = {2DA074EF-B4C4-4E0B-9AC1-B9CB18DF4D05}
	EndGlobalSection
EndGlobal
